
Microsoft Visual Studio Solution File, Format Version 12.00
# Visual Studio Version 16
VisualStudioVersion = 25.0.1705.4
MinimumVisualStudioVersion = 10.0.40219.1
Project("{FAE04EC0-301F-11D3-BF4B-00C04F79EFBC}") = "00-Activities", "00-Activities\00-Activities.csproj", "{CDEEC168-385D-48E1-8BB8-5A9D36BD2663}"
EndProject
Project("{FAE04EC0-301F-11D3-BF4B-00C04F79EFBC}") = "ContactApp.iOS", "ContactApp.iOS\ContactApp.iOS.csproj", "{D7CC3E9D-D01D-400E-8854-7CA104DBFF60}"
EndProject
Project("{FAE04EC0-301F-11D3-BF4B-00C04F79EFBC}") = "ContactApp.Core", "ContactApp.Core\ContactApp.Core.csproj", "{154CA3D2-08C2-4B94-BBB0-F2DCB5066912}"
EndProject
Project("{FAE04EC0-301F-11D3-BF4B-00C04F79EFBC}") = "NotesForms.Android", "NotesForms\NotesForms.Android\NotesForms.Android.csproj", "{BAC8F7C4-2999-44C9-AE0A-9E605DA2500D}"
EndProject
Project("{FAE04EC0-301F-11D3-BF4B-00C04F79EFBC}") = "NotesForms.iOS", "NotesForms\NotesForms.iOS\NotesForms.iOS.csproj", "{A0E121A8-02EF-4F9A-AF88-29EA7E42DDFC}"
EndProject
Project("{FAE04EC0-301F-11D3-BF4B-00C04F79EFBC}") = "NotesForms", "NotesForms\NotesForms\NotesForms.csproj", "{2EF53AA9-7F5B-4F0E-80AB-3DFE9B9778B9}"
EndProject
Project("{FAE04EC0-301F-11D3-BF4B-00C04F79EFBC}") = "NUnitTest", "NUnitTest\NUnitTest.csproj", "{1E484642-0FE4-4AE7-9A4E-FED6BB2CE140}"
EndProject
Global
	GlobalSection(SolutionConfigurationPlatforms) = preSolution
		Debug|Any CPU = Debug|Any CPU
		Release|Any CPU = Release|Any CPU
		Debug|iPhoneSimulator = Debug|iPhoneSimulator
		Release|iPhoneSimulator = Release|iPhoneSimulator
		Debug|iPhone = Debug|iPhone
		Release|iPhone = Release|iPhone
	EndGlobalSection
	GlobalSection(ProjectConfigurationPlatforms) = postSolution
		{CDEEC168-385D-48E1-8BB8-5A9D36BD2663}.Debug|Any CPU.ActiveCfg = Debug|Any CPU
		{CDEEC168-385D-48E1-8BB8-5A9D36BD2663}.Debug|Any CPU.Build.0 = Debug|Any CPU
		{CDEEC168-385D-48E1-8BB8-5A9D36BD2663}.Release|Any CPU.ActiveCfg = Release|Any CPU
		{CDEEC168-385D-48E1-8BB8-5A9D36BD2663}.Release|Any CPU.Build.0 = Release|Any CPU
		{CDEEC168-385D-48E1-8BB8-5A9D36BD2663}.Debug|iPhoneSimulator.ActiveCfg = Debug|Any CPU
		{CDEEC168-385D-48E1-8BB8-5A9D36BD2663}.Debug|iPhoneSimulator.Build.0 = Debug|Any CPU
		{CDEEC168-385D-48E1-8BB8-5A9D36BD2663}.Release|iPhoneSimulator.ActiveCfg = Release|Any CPU
		{CDEEC168-385D-48E1-8BB8-5A9D36BD2663}.Release|iPhoneSimulator.Build.0 = Release|Any CPU
		{CDEEC168-385D-48E1-8BB8-5A9D36BD2663}.Debug|iPhone.ActiveCfg = Debug|Any CPU
		{CDEEC168-385D-48E1-8BB8-5A9D36BD2663}.Debug|iPhone.Build.0 = Debug|Any CPU
		{CDEEC168-385D-48E1-8BB8-5A9D36BD2663}.Release|iPhone.ActiveCfg = Release|Any CPU
		{CDEEC168-385D-48E1-8BB8-5A9D36BD2663}.Release|iPhone.Build.0 = Release|Any CPU
		{D7CC3E9D-D01D-400E-8854-7CA104DBFF60}.Debug|Any CPU.ActiveCfg = Debug|iPhoneSimulator
		{D7CC3E9D-D01D-400E-8854-7CA104DBFF60}.Debug|Any CPU.Build.0 = Debug|iPhoneSimulator
		{D7CC3E9D-D01D-400E-8854-7CA104DBFF60}.Release|Any CPU.ActiveCfg = Release|iPhoneSimulator
		{D7CC3E9D-D01D-400E-8854-7CA104DBFF60}.Release|Any CPU.Build.0 = Release|iPhoneSimulator
		{D7CC3E9D-D01D-400E-8854-7CA104DBFF60}.Debug|iPhoneSimulator.ActiveCfg = Debug|iPhoneSimulator
		{D7CC3E9D-D01D-400E-8854-7CA104DBFF60}.Debug|iPhoneSimulator.Build.0 = Debug|iPhoneSimulator
		{D7CC3E9D-D01D-400E-8854-7CA104DBFF60}.Release|iPhoneSimulator.ActiveCfg = Release|iPhoneSimulator
		{D7CC3E9D-D01D-400E-8854-7CA104DBFF60}.Release|iPhoneSimulator.Build.0 = Release|iPhoneSimulator
		{D7CC3E9D-D01D-400E-8854-7CA104DBFF60}.Debug|iPhone.ActiveCfg = Debug|iPhone
		{D7CC3E9D-D01D-400E-8854-7CA104DBFF60}.Debug|iPhone.Build.0 = Debug|iPhone
		{D7CC3E9D-D01D-400E-8854-7CA104DBFF60}.Release|iPhone.ActiveCfg = Release|iPhone
		{D7CC3E9D-D01D-400E-8854-7CA104DBFF60}.Release|iPhone.Build.0 = Release|iPhone
		{154CA3D2-08C2-4B94-BBB0-F2DCB5066912}.Debug|Any CPU.ActiveCfg = Debug|Any CPU
		{154CA3D2-08C2-4B94-BBB0-F2DCB5066912}.Debug|Any CPU.Build.0 = Debug|Any CPU
		{154CA3D2-08C2-4B94-BBB0-F2DCB5066912}.Release|Any CPU.ActiveCfg = Release|Any CPU
		{154CA3D2-08C2-4B94-BBB0-F2DCB5066912}.Release|Any CPU.Build.0 = Release|Any CPU
		{154CA3D2-08C2-4B94-BBB0-F2DCB5066912}.Debug|iPhoneSimulator.ActiveCfg = Debug|Any CPU
		{154CA3D2-08C2-4B94-BBB0-F2DCB5066912}.Debug|iPhoneSimulator.Build.0 = Debug|Any CPU
		{154CA3D2-08C2-4B94-BBB0-F2DCB5066912}.Release|iPhoneSimulator.ActiveCfg = Release|Any CPU
		{154CA3D2-08C2-4B94-BBB0-F2DCB5066912}.Release|iPhoneSimulator.Build.0 = Release|Any CPU
		{154CA3D2-08C2-4B94-BBB0-F2DCB5066912}.Debug|iPhone.ActiveCfg = Debug|Any CPU
		{154CA3D2-08C2-4B94-BBB0-F2DCB5066912}.Debug|iPhone.Build.0 = Debug|Any CPU
		{154CA3D2-08C2-4B94-BBB0-F2DCB5066912}.Release|iPhone.ActiveCfg = Release|Any CPU
		{154CA3D2-08C2-4B94-BBB0-F2DCB5066912}.Release|iPhone.Build.0 = Release|Any CPU
		{BAC8F7C4-2999-44C9-AE0A-9E605DA2500D}.Debug|Any CPU.ActiveCfg = Debug|Any CPU
		{BAC8F7C4-2999-44C9-AE0A-9E605DA2500D}.Debug|Any CPU.Build.0 = Debug|Any CPU
		{BAC8F7C4-2999-44C9-AE0A-9E605DA2500D}.Release|Any CPU.ActiveCfg = Release|Any CPU
		{BAC8F7C4-2999-44C9-AE0A-9E605DA2500D}.Release|Any CPU.Build.0 = Release|Any CPU
		{BAC8F7C4-2999-44C9-AE0A-9E605DA2500D}.Debug|iPhoneSimulator.ActiveCfg = Debug|Any CPU
		{BAC8F7C4-2999-44C9-AE0A-9E605DA2500D}.Debug|iPhoneSimulator.Build.0 = Debug|Any CPU
		{BAC8F7C4-2999-44C9-AE0A-9E605DA2500D}.Release|iPhoneSimulator.ActiveCfg = Release|Any CPU
		{BAC8F7C4-2999-44C9-AE0A-9E605DA2500D}.Release|iPhoneSimulator.Build.0 = Release|Any CPU
		{BAC8F7C4-2999-44C9-AE0A-9E605DA2500D}.Debug|iPhone.ActiveCfg = Debug|Any CPU
		{BAC8F7C4-2999-44C9-AE0A-9E605DA2500D}.Debug|iPhone.Build.0 = Debug|Any CPU
		{BAC8F7C4-2999-44C9-AE0A-9E605DA2500D}.Release|iPhone.ActiveCfg = Release|Any CPU
		{BAC8F7C4-2999-44C9-AE0A-9E605DA2500D}.Release|iPhone.Build.0 = Release|Any CPU
		{A0E121A8-02EF-4F9A-AF88-29EA7E42DDFC}.Debug|Any CPU.ActiveCfg = Debug|iPhoneSimulator
		{A0E121A8-02EF-4F9A-AF88-29EA7E42DDFC}.Debug|Any CPU.Build.0 = Debug|iPhoneSimulator
		{A0E121A8-02EF-4F9A-AF88-29EA7E42DDFC}.Release|Any CPU.ActiveCfg = Release|iPhoneSimulator
		{A0E121A8-02EF-4F9A-AF88-29EA7E42DDFC}.Release|Any CPU.Build.0 = Release|iPhoneSimulator
		{A0E121A8-02EF-4F9A-AF88-29EA7E42DDFC}.Debug|iPhoneSimulator.ActiveCfg = Debug|iPhoneSimulator
		{A0E121A8-02EF-4F9A-AF88-29EA7E42DDFC}.Debug|iPhoneSimulator.Build.0 = Debug|iPhoneSimulator
		{A0E121A8-02EF-4F9A-AF88-29EA7E42DDFC}.Release|iPhoneSimulator.ActiveCfg = Release|iPhoneSimulator
		{A0E121A8-02EF-4F9A-AF88-29EA7E42DDFC}.Release|iPhoneSimulator.Build.0 = Release|iPhoneSimulator
		{A0E121A8-02EF-4F9A-AF88-29EA7E42DDFC}.Debug|iPhone.ActiveCfg = Debug|iPhone
		{A0E121A8-02EF-4F9A-AF88-29EA7E42DDFC}.Debug|iPhone.Build.0 = Debug|iPhone
		{A0E121A8-02EF-4F9A-AF88-29EA7E42DDFC}.Release|iPhone.ActiveCfg = Release|iPhone
		{A0E121A8-02EF-4F9A-AF88-29EA7E42DDFC}.Release|iPhone.Build.0 = Release|iPhone
		{2EF53AA9-7F5B-4F0E-80AB-3DFE9B9778B9}.Debug|Any CPU.ActiveCfg = Debug|Any CPU
		{2EF53AA9-7F5B-4F0E-80AB-3DFE9B9778B9}.Debug|Any CPU.Build.0 = Debug|Any CPU
		{2EF53AA9-7F5B-4F0E-80AB-3DFE9B9778B9}.Release|Any CPU.ActiveCfg = Release|Any CPU
		{2EF53AA9-7F5B-4F0E-80AB-3DFE9B9778B9}.Release|Any CPU.Build.0 = Release|Any CPU
		{2EF53AA9-7F5B-4F0E-80AB-3DFE9B9778B9}.Debug|iPhoneSimulator.ActiveCfg = Debug|Any CPU
		{2EF53AA9-7F5B-4F0E-80AB-3DFE9B9778B9}.Debug|iPhoneSimulator.Build.0 = Debug|Any CPU
		{2EF53AA9-7F5B-4F0E-80AB-3DFE9B9778B9}.Release|iPhoneSimulator.ActiveCfg = Release|Any CPU
		{2EF53AA9-7F5B-4F0E-80AB-3DFE9B9778B9}.Release|iPhoneSimulator.Build.0 = Release|Any CPU
		{2EF53AA9-7F5B-4F0E-80AB-3DFE9B9778B9}.Debug|iPhone.ActiveCfg = Debug|Any CPU
		{2EF53AA9-7F5B-4F0E-80AB-3DFE9B9778B9}.Debug|iPhone.Build.0 = Debug|Any CPU
		{2EF53AA9-7F5B-4F0E-80AB-3DFE9B9778B9}.Release|iPhone.ActiveCfg = Release|Any CPU
		{2EF53AA9-7F5B-4F0E-80AB-3DFE9B9778B9}.Release|iPhone.Build.0 = Release|Any CPU
		{1E484642-0FE4-4AE7-9A4E-FED6BB2CE140}.Debug|Any CPU.ActiveCfg = Debug|Any CPU
		{1E484642-0FE4-4AE7-9A4E-FED6BB2CE140}.Debug|Any CPU.Build.0 = Debug|Any CPU
		{1E484642-0FE4-4AE7-9A4E-FED6BB2CE140}.Release|Any CPU.ActiveCfg = Release|Any CPU
		{1E484642-0FE4-4AE7-9A4E-FED6BB2CE140}.Release|Any CPU.Build.0 = Release|Any CPU
		{1E484642-0FE4-4AE7-9A4E-FED6BB2CE140}.Debug|iPhoneSimulator.ActiveCfg = Debug|Any CPU
		{1E484642-0FE4-4AE7-9A4E-FED6BB2CE140}.Debug|iPhoneSimulator.Build.0 = Debug|Any CPU
		{1E484642-0FE4-4AE7-9A4E-FED6BB2CE140}.Release|iPhoneSimulator.ActiveCfg = Release|Any CPU
		{1E484642-0FE4-4AE7-9A4E-FED6BB2CE140}.Release|iPhoneSimulator.Build.0 = Release|Any CPU
		{1E484642-0FE4-4AE7-9A4E-FED6BB2CE140}.Debug|iPhone.ActiveCfg = Debug|Any CPU
		{1E484642-0FE4-4AE7-9A4E-FED6BB2CE140}.Debug|iPhone.Build.0 = Debug|Any CPU
		{1E484642-0FE4-4AE7-9A4E-FED6BB2CE140}.Release|iPhone.ActiveCfg = Release|Any CPU
		{1E484642-0FE4-4AE7-9A4E-FED6BB2CE140}.Release|iPhone.Build.0 = Release|Any CPU
	EndGlobalSection
	GlobalSection(SolutionProperties) = preSolution
		HideSolutionNode = FALSE
	EndGlobalSection
	GlobalSection(ExtensibilityGlobals) = postSolution
		SolutionGuid = {45797B18-1329-4283-8D1D-2E84BC981167}
	EndGlobalSection
EndGlobal
