
Microsoft Visual Studio Solution File, Format Version 12.00
# Visual Studio Version 16
VisualStudioVersion = 25.0.1705.4
MinimumVisualStudioVersion = 10.0.40219.1
Project("{FAE04EC0-301F-11D3-BF4B-00C04F79EFBC}") = "00-Activities", "00-Activities\00-Activities.csproj", "{CDEEC168-385D-48E1-8BB8-5A9D36BD2663}"
EndProject
Project("{FAE04EC0-301F-11D3-BF4B-00C04F79EFBC}") = "ContactApp.iOS", "ContactApp.iOS\ContactApp.iOS.csproj", "{D7CC3E9D-D01D-400E-8854-7CA104DBFF60}"
EndProject
Global
	GlobalSection(SolutionConfigurationPlatforms) = preSolution
		Debug|Any CPU = Debug|Any CPU
		Release|Any CPU = Release|Any CPU
		Debug|iPhoneSimulator = Debug|iPhoneSimulator
		Release|iPhoneSimulator = Release|iPhoneSimulator
		Debug|iPhone = Debug|iPhone
		Release|iPhone = Release|iPhone
	EndGlobalSection
	GlobalSection(ProjectConfigurationPlatforms) = postSolution
		{CDEEC168-385D-48E1-8BB8-5A9D36BD2663}.Debug|Any CPU.ActiveCfg = Debug|Any CPU
		{CDEEC168-385D-48E1-8BB8-5A9D36BD2663}.Debug|Any CPU.Build.0 = Debug|Any CPU
		{CDEEC168-385D-48E1-8BB8-5A9D36BD2663}.Release|Any CPU.ActiveCfg = Release|Any CPU
		{CDEEC168-385D-48E1-8BB8-5A9D36BD2663}.Release|Any CPU.Build.0 = Release|Any CPU
		{CDEEC168-385D-48E1-8BB8-5A9D36BD2663}.Debug|iPhoneSimulator.ActiveCfg = Debug|Any CPU
		{CDEEC168-385D-48E1-8BB8-5A9D36BD2663}.Debug|iPhoneSimulator.Build.0 = Debug|Any CPU
		{CDEEC168-385D-48E1-8BB8-5A9D36BD2663}.Release|iPhoneSimulator.ActiveCfg = Release|Any CPU
		{CDEEC168-385D-48E1-8BB8-5A9D36BD2663}.Release|iPhoneSimulator.Build.0 = Release|Any CPU
		{CDEEC168-385D-48E1-8BB8-5A9D36BD2663}.Debug|iPhone.ActiveCfg = Debug|Any CPU
		{CDEEC168-385D-48E1-8BB8-5A9D36BD2663}.Debug|iPhone.Build.0 = Debug|Any CPU
		{CDEEC168-385D-48E1-8BB8-5A9D36BD2663}.Release|iPhone.ActiveCfg = Release|Any CPU
		{CDEEC168-385D-48E1-8BB8-5A9D36BD2663}.Release|iPhone.Build.0 = Release|Any CPU
		{D7CC3E9D-D01D-400E-8854-7CA104DBFF60}.Debug|Any CPU.ActiveCfg = Debug|iPhoneSimulator
		{D7CC3E9D-D01D-400E-8854-7CA104DBFF60}.Debug|Any CPU.Build.0 = Debug|iPhoneSimulator
		{D7CC3E9D-D01D-400E-8854-7CA104DBFF60}.Release|Any CPU.ActiveCfg = Release|iPhoneSimulator
		{D7CC3E9D-D01D-400E-8854-7CA104DBFF60}.Release|Any CPU.Build.0 = Release|iPhoneSimulator
		{D7CC3E9D-D01D-400E-8854-7CA104DBFF60}.Debug|iPhoneSimulator.ActiveCfg = Debug|iPhoneSimulator
		{D7CC3E9D-D01D-400E-8854-7CA104DBFF60}.Debug|iPhoneSimulator.Build.0 = Debug|iPhoneSimulator
		{D7CC3E9D-D01D-400E-8854-7CA104DBFF60}.Release|iPhoneSimulator.ActiveCfg = Release|iPhoneSimulator
		{D7CC3E9D-D01D-400E-8854-7CA104DBFF60}.Release|iPhoneSimulator.Build.0 = Release|iPhoneSimulator
		{D7CC3E9D-D01D-400E-8854-7CA104DBFF60}.Debug|iPhone.ActiveCfg = Debug|iPhone
		{D7CC3E9D-D01D-400E-8854-7CA104DBFF60}.Debug|iPhone.Build.0 = Debug|iPhone
		{D7CC3E9D-D01D-400E-8854-7CA104DBFF60}.Release|iPhone.ActiveCfg = Release|iPhone
		{D7CC3E9D-D01D-400E-8854-7CA104DBFF60}.Release|iPhone.Build.0 = Release|iPhone
	EndGlobalSection
	GlobalSection(SolutionProperties) = preSolution
		HideSolutionNode = FALSE
	EndGlobalSection
	GlobalSection(ExtensibilityGlobals) = postSolution
		SolutionGuid = {45797B18-1329-4283-8D1D-2E84BC981167}
	EndGlobalSection
EndGlobal
